// !$*UTF8*$!
{
	archiveVersion = 1;
	classes = {
	};
	objectVersion = 46;
	objects = {

/* Begin PBXBuildFile section */
		BBE038181E4E615200192E6F /* AppDelegate.swift in Sources */ = {isa = PBXBuildFile; fileRef = BBE038171E4E615200192E6F /* AppDelegate.swift */; };
		BBE0381A1E4E615200192E6F /* ViewController.swift in Sources */ = {isa = PBXBuildFile; fileRef = BBE038191E4E615200192E6F /* ViewController.swift */; };
		BBE0381D1E4E615200192E6F /* Main.storyboard in Resources */ = {isa = PBXBuildFile; fileRef = BBE0381B1E4E615200192E6F /* Main.storyboard */; };
		BBE0381F1E4E615200192E6F /* Assets.xcassets in Resources */ = {isa = PBXBuildFile; fileRef = BBE0381E1E4E615200192E6F /* Assets.xcassets */; };
		BBE038221E4E615200192E6F /* LaunchScreen.storyboard in Resources */ = {isa = PBXBuildFile; fileRef = BBE038201E4E615200192E6F /* LaunchScreen.storyboard */; };
/* End PBXBuildFile section */

/* Begin PBXFileReference section */
		BBE038141E4E615200192E6F /* TestDevslops_.app */ = {isa = PBXFileReference; explicitFileType = wrapper.application; includeInIndex = 0; path = TestDevslops_.app; sourceTree = BUILT_PRODUCTS_DIR; };
		BBE038171E4E615200192E6F /* AppDelegate.swift */ = {isa = PBXFileReference; lastKnownFileType = sourcecode.swift; path = AppDelegate.swift; sourceTree = "<group>"; };
		BBE038191E4E615200192E6F /* ViewController.swift */ = {isa = PBXFileReference; lastKnownFileType = sourcecode.swift; path = ViewController.swift; sourceTree = "<group>"; };
		BBE0381C1E4E615200192E6F /* Base */ = {isa = PBXFileReference; lastKnownFileType = file.storyboard; name = Base; path = Base.lproj/Main.storyboard; sourceTree = "<group>"; };
		BBE0381E1E4E615200192E6F /* Assets.xcassets */ = {isa = PBXFileReference; lastKnownFileType = folder.assetcatalog; path = Assets.xcassets; sourceTree = "<group>"; };
		BBE038211E4E615200192E6F /* Base */ = {isa = PBXFileReference; lastKnownFileType = file.storyboard; name = Base; path = Base.lproj/LaunchScreen.storyboard; sourceTree = "<group>"; };
		BBE038231E4E615200192E6F /* Info.plist */ = {isa = PBXFileReference; lastKnownFileType = text.plist.xml; path = Info.plist; sourceTree = "<group>"; };
/* End PBXFileReference section */

/* Begin PBXFrameworksBuildPhase section */
		BBE038111E4E615200192E6F /* Frameworks */ = {
			isa = PBXFrameworksBuildPhase;
			buildActionMask = 2147483647;
			files = (
			);
			runOnlyForDeploymentPostprocessing = 0;
		};
/* End PBXFrameworksBuildPhase section */

/* Begin PBXGroup section */
		BBE0380B1E4E615200192E6F = {
			isa = PBXGroup;
			children = (
				BBE038161E4E615200192E6F /* TestDevslops_ */,
				BBE038151E4E615200192E6F /* Products */,
			);
			sourceTree = "<group>";
		};
		BBE038151E4E615200192E6F /* Products */ = {
			isa = PBXGroup;
			children = (
				BBE038141E4E615200192E6F /* TestDevslops_.app */,
			);
			name = Products;
			sourceTree = "<group>";
		};
		BBE038161E4E615200192E6F /* TestDevslops_ */ = {
			isa = PBXGroup;
			children = (
				BBE038171E4E615200192E6F /* AppDelegate.swift */,
				BBE038191E4E615200192E6F /* ViewController.swift */,
				BBE0381B1E4E615200192E6F /* Main.storyboard */,
				BBE0381E1E4E615200192E6F /* Assets.xcassets */,
				BBE038201E4E615200192E6F /* LaunchScreen.storyboard */,
				BBE038231E4E615200192E6F /* Info.plist */,
			);
			path = TestDevslops_;
			sourceTree = "<group>";
		};
/* End PBXGroup section */

/* Begin PBXNativeTarget section */
		BBE038131E4E615200192E6F /* TestDevslops_ */ = {
			isa = PBXNativeTarget;
			buildConfigurationList = BBE038261E4E615200192E6F /* Build configuration list for PBXNativeTarget "TestDevslops_" */;
			buildPhases = (
				BBE038101E4E615200192E6F /* Sources */,
				BBE038111E4E615200192E6F /* Frameworks */,
				BBE038121E4E615200192E6F /* Resources */,
			);
			buildRules = (
			);
			dependencies = (
			);
			name = TestDevslops_;
			productName = TestDevslops_;
			productReference = BBE038141E4E615200192E6F /* TestDevslops_.app */;
			productType = "com.apple.product-type.application";
		};
/* End PBXNativeTarget section */

/* Begin PBXProject section */
		BBE0380C1E4E615200192E6F /* Project object */ = {
			isa = PBXProject;
			attributes = {
				LastSwiftUpdateCheck = 0820;
				LastUpgradeCheck = 0820;
				ORGANIZATIONNAME = Alfredo;
				TargetAttributes = {
					BBE038131E4E615200192E6F = {
						CreatedOnToolsVersion = 8.2.1;
						ProvisioningStyle = Automatic;
					};
				};
			};
			buildConfigurationList = BBE0380F1E4E615200192E6F /* Build configuration list for PBXProject "TestDevslops_" */;
			compatibilityVersion = "Xcode 3.2";
			developmentRegion = English;
			hasScannedForEncodings = 0;
			knownRegions = (
				en,
				Base,
			);
			mainGroup = BBE0380B1E4E615200192E6F;
			productRefGroup = BBE038151E4E615200192E6F /* Products */;
			projectDirPath = "";
			projectRoot = "";
			targets = (
				BBE038131E4E615200192E6F /* TestDevslops_ */,
			);
		};
/* End PBXProject section */

/* Begin PBXResourcesBuildPhase section */
		BBE038121E4E615200192E6F /* Resources */ = {
			isa = PBXResourcesBuildPhase;
			buildActionMask = 2147483647;
			files = (
				BBE038221E4E615200192E6F /* LaunchScreen.storyboard in Resources */,
				BBE0381F1E4E615200192E6F /* Assets.xcassets in Resources */,
				BBE0381D1E4E615200192E6F /* Main.storyboard in Resources */,
			);
			runOnlyForDeploymentPostprocessing = 0;
		};
/* End PBXResourcesBuildPhase section */

/* Begin PBXSourcesBuildPhase section */
		BBE038101E4E615200192E6F /* Sources */ = {
			isa = PBXSourcesBuildPhase;
			buildActionMask = 2147483647;
			files = (
				BBE0381A1E4E615200192E6F /* ViewController.swift in Sources */,
				BBE038181E4E615200192E6F /* AppDelegate.swift in Sources */,
			);
			runOnlyForDeploymentPostprocessing = 0;
		};
/* End PBXSourcesBuildPhase section */

/* Begin PBXVariantGroup section */
		BBE0381B1E4E615200192E6F /* Main.storyboard */ = {
			isa = PBXVariantGroup;
			children = (
				BBE0381C1E4E615200192E6F /* Base */,
			);
			name = Main.storyboard;
			sourceTree = "<group>";
		};
		BBE038201E4E615200192E6F /* LaunchScreen.storyboard */ = {
			isa = PBXVariantGroup;
			children = (
				BBE038211E4E615200192E6F /* Base */,
			);
			name = LaunchScreen.storyboard;
			sourceTree = "<group>";
		};
/* End PBXVariantGroup section */

/* Begin XCBuildConfiguration section */
		BBE038241E4E615200192E6F /* Debug */ = {
			isa = XCBuildConfiguration;
			buildSettings = {
				ALWAYS_SEARCH_USER_PATHS = NO;
				CLANG_ANALYZER_NONNULL = YES;
				CLANG_CXX_LANGUAGE_STANDARD = "gnu++0x";
				CLANG_CXX_LIBRARY = "libc++";
				CLANG_ENABLE_MODULES = YES;
				CLANG_ENABLE_OBJC_ARC = YES;
				CLANG_WARN_BOOL_CONVERSION = YES;
				CLANG_WARN_CONSTANT_CONVERSION = YES;
				CLANG_WARN_DIRECT_OBJC_ISA_USAGE = YES_ERROR;
				CLANG_WARN_DOCUMENTATION_COMMENTS = YES;
				CLANG_WARN_EMPTY_BODY = YES;
				CLANG_WARN_ENUM_CONVERSION = YES;
				CLANG_WARN_INFINITE_RECURSION = YES;
				CLANG_WARN_INT_CONVERSION = YES;
				CLANG_WARN_OBJC_ROOT_CLASS = YES_ERROR;
				CLANG_WARN_SUSPICIOUS_MOVE = YES;
				CLANG_WARN_UNREACHABLE_CODE = YES;
				CLANG_WARN__DUPLICATE_METHOD_MATCH = YES;
				"CODE_SIGN_IDENTITY[sdk=iphoneos*]" = "iPhone Developer";
				COPY_PHASE_STRIP = NO;
				DEBUG_INFORMATION_FORMAT = dwarf;
				ENABLE_STRICT_OBJC_MSGSEND = YES;
				ENABLE_TESTABILITY = YES;
				GCC_C_LANGUAGE_STANDARD = gnu99;
				GCC_DYNAMIC_NO_PIC = NO;
				GCC_NO_COMMON_BLOCKS = YES;
				GCC_OPTIMIZATION_LEVEL = 0;
				GCC_PREPROCESSOR_DEFINITIONS = (
					"DEBUG=1",
					"$(inherited)",
				);
				GCC_WARN_64_TO_32_BIT_CONVERSION = YES;
				GCC_WARN_ABOUT_RETURN_TYPE = YES_ERROR;
				GCC_WARN_UNDECLARED_SELECTOR = YES;
				GCC_WARN_UNINITIALIZED_AUTOS = YES_AGGRESSIVE;
				GCC_WARN_UNUSED_FUNCTION = YES;
				GCC_WARN_UNUSED_VARIABLE = YES;
				IPHONEOS_DEPLOYMENT_TARGET = 10.2;
				MTL_ENABLE_DEBUG_INFO = YES;
				ONLY_ACTIVE_ARCH = YES;
				SDKROOT = iphoneos;
				SWIFT_ACTIVE_COMPILATION_CONDITIONS = DEBUG;
				SWIFT_OPTIMIZATION_LEVEL = "-Onone";
			};
			name = Debug;
		};
		BBE038251E4E615200192E6F /* Release */ = {
			isa = XCBuildConfiguration;
			buildSettings = {
				ALWAYS_SEARCH_USER_PATHS = NO;
				CLANG_ANALYZER_NONNULL = YES;
				CLANG_CXX_LANGUAGE_STANDARD = "gnu++0x";
				CLANG_CXX_LIBRARY = "libc++";
				CLANG_ENABLE_MODULES = YES;
				CLANG_ENABLE_OBJC_ARC = YES;
				CLANG_WARN_BOOL_CONVERSION = YES;
				CLANG_WARN_CONSTANT_CONVERSION = YES;
				CLANG_WARN_DIRECT_OBJC_ISA_USAGE = YES_ERROR;
				CLANG_WARN_DOCUMENTATION_COMMENTS = YES;
				CLANG_WARN_EMPTY_BODY = YES;
				CLANG_WARN_ENUM_CONVERSION = YES;
				CLANG_WARN_INFINITE_RECURSION = YES;
				CLANG_WARN_INT_CONVERSION = YES;
				CLANG_WARN_OBJC_ROOT_CLASS = YES_ERROR;
				CLANG_WARN_SUSPICIOUS_MOVE = YES;
				CLANG_WARN_UNREACHABLE_CODE = YES;
				CLANG_WARN__DUPLICATE_METHOD_MATCH = YES;
				"CODE_SIGN_IDENTITY[sdk=iphoneos*]" = "iPhone Developer";
				COPY_PHASE_STRIP = NO;
				DEBUG_INFORMATION_FORMAT = "dwarf-with-dsym";
				ENABLE_NS_ASSERTIONS = NO;
				ENABLE_STRICT_OBJC_MSGSEND = YES;
				GCC_C_LANGUAGE_STANDARD = gnu99;
				GCC_NO_COMMON_BLOCKS = YES;
				GCC_WARN_64_TO_32_BIT_CONVERSION = YES;
				GCC_WARN_ABOUT_RETURN_TYPE = YES_ERROR;
				GCC_WARN_UNDECLARED_SELECTOR = YES;
				GCC_WARN_UNINITIALIZED_AUTOS = YES_AGGRESSIVE;
				GCC_WARN_UNUSED_FUNCTION = YES;
				GCC_WARN_UNUSED_VARIABLE = YES;
				IPHONEOS_DEPLOYMENT_TARGET = 10.2;
				MTL_ENABLE_DEBUG_INFO = NO;
				SDKROOT = iphoneos;
				SWIFT_OPTIMIZATION_LEVEL = "-Owholemodule";
				VALIDATE_PRODUCT = YES;
			};
			name = Release;
		};
		BBE038271E4E615200192E6F /* Debug */ = {
			isa = XCBuildConfiguration;
			buildSettings = {
				ASSETCATALOG_COMPILER_APPICON_NAME = AppIcon;
				INFOPLIST_FILE = TestDevslops_/Info.plist;
				LD_RUNPATH_SEARCH_PATHS = "$(inherited) @executable_path/Frameworks";
				PRODUCT_BUNDLE_IDENTIFIER = "tutorial.TestDevslops-";
				PRODUCT_NAME = "$(TARGET_NAME)";
				SWIFT_VERSION = 3.0;
			};
			name = Debug;
		};
		BBE038281E4E615200192E6F /* Release */ = {
			isa = XCBuildConfiguration;
			buildSettings = {
				ASSETCATALOG_COMPILER_APPICON_NAME = AppIcon;
				INFOPLIST_FILE = TestDevslops_/Info.plist;
				LD_RUNPATH_SEARCH_PATHS = "$(inherited) @executable_path/Frameworks";
				PRODUCT_BUNDLE_IDENTIFIER = "tutorial.TestDevslops-";
				PRODUCT_NAME = "$(TARGET_NAME)";
				SWIFT_VERSION = 3.0;
			};
			name = Release;
		};
/* End XCBuildConfiguration section */

/* Begin XCConfigurationList section */
		BBE0380F1E4E615200192E6F /* Build configuration list for PBXProject "TestDevslops_" */ = {
			isa = XCConfigurationList;
			buildConfigurations = (
				BBE038241E4E615200192E6F /* Debug */,
				BBE038251E4E615200192E6F /* Release */,
			);
			defaultConfigurationIsVisible = 0;
			defaultConfigurationName = Release;
		};
		BBE038261E4E615200192E6F /* Build configuration list for PBXNativeTarget "TestDevslops_" */ = {
			isa = XCConfigurationList;
			buildConfigurations = (
				BBE038271E4E615200192E6F /* Debug */,
				BBE038281E4E615200192E6F /* Release */,
			);
			defaultConfigurationIsVisible = 0;
		};
/* End XCConfigurationList section */
	};
	rootObject = BBE0380C1E4E615200192E6F /* Project object */;
}
